
Microsoft Visual Studio Solution File, Format Version 12.00
# Visual Studio 15
VisualStudioVersion = 15.0.28010.2003
MinimumVisualStudioVersion = 10.0.40219.1
Project("{FAE04EC0-301F-11D3-BF4B-00C04F79EFBC}") = "Desvio", "Desvio\Desvio.csproj", "{2EC25372-5723-4232-88F2-9546A9985E07}"
EndProject
Global
	GlobalSection(SolutionConfigurationPlatforms) = preSolution
		Debug|Any CPU = Debug|Any CPU
		Release|Any CPU = Release|Any CPU
	EndGlobalSection
	GlobalSection(ProjectConfigurationPlatforms) = postSolution
		{2EC25372-5723-4232-88F2-9546A9985E07}.Debug|Any CPU.ActiveCfg = Debug|Any CPU
		{2EC25372-5723-4232-88F2-9546A9985E07}.Debug|Any CPU.Build.0 = Debug|Any CPU
		{2EC25372-5723-4232-88F2-9546A9985E07}.Release|Any CPU.ActiveCfg = Release|Any CPU
		{2EC25372-5723-4232-88F2-9546A9985E07}.Release|Any CPU.Build.0 = Release|Any CPU
	EndGlobalSection
	GlobalSection(SolutionProperties) = preSolution
		HideSolutionNode = FALSE
	EndGlobalSection
	GlobalSection(ExtensibilityGlobals) = postSolution
		SolutionGuid = {87AE8079-6352-46B9-B000-A73317C2038D}
	EndGlobalSection
EndGlobal
